<?xml version="1.0" encoding="utf-8"?>
<Project ToolsVersion="4.0" xmlns="http://schemas.microsoft.com/developer/msbuild/2003">
  <ItemGroup>
    <Filter Include="Strategies">
      <UniqueIdentifier>{06bb7518-a404-43bf-b37d-dffae2b22fe9}</UniqueIdentifier>
    </Filter>
    <Filter Include="Strategies\GameMode">
      <UniqueIdentifier>{59a0e212-c729-4452-b0cb-6be8c944857b}</UniqueIdentifier>
    </Filter>
    <Filter Include="Strategies\GameMode\GameModeContext">
      <UniqueIdentifier>{92d2bb84-7460-4843-8ab0-23e976370a94}</UniqueIdentifier>
    </Filter>
    <Filter Include="Strategies\GameMode\GameModeStrategy">
      <UniqueIdentifier>{88008653-36fd-431d-b05d-f7fc974650d1}</UniqueIdentifier>
    </Filter>
    <Filter Include="Strategies\GameMode\SinglePlayerStrategy">
      <UniqueIdentifier>{35d83cb5-8169-4ba0-a666-d2a52d90f300}</UniqueIdentifier>
    </Filter>
    <Filter Include="Entities">
      <UniqueIdentifier>{64b86076-6196-48a4-b3e4-9e8644d9d8e5}</UniqueIdentifier>
    </Filter>
    <Filter Include="Entities\Ball">
      <UniqueIdentifier>{332d5841-8716-4e78-be14-4cdbae6fcfec}</UniqueIdentifier>
    </Filter>
    <Filter Include="Entities\BaseEntity">
      <UniqueIdentifier>{dce81ac7-684d-45b9-9b74-7b9c66e6a22a}</UniqueIdentifier>
    </Filter>
    <Filter Include="Entities\Paddle">
      <UniqueIdentifier>{302b1ac3-61a0-4c8b-91a9-287d187099c5}</UniqueIdentifier>
    </Filter>
    <Filter Include="Entities\Block">
      <UniqueIdentifier>{104c7fa4-37f3-448f-92cb-827b456e4b54}</UniqueIdentifier>
    </Filter>
    <Filter Include="Game">
      <UniqueIdentifier>{7df5f0b5-195c-4a23-8b2d-5b42918a5f17}</UniqueIdentifier>
    </Filter>
    <Filter Include="Utils">
      <UniqueIdentifier>{473bd7a6-b908-44c5-8dac-c1d4e8fe1e79}</UniqueIdentifier>
    </Filter>
    <Filter Include="Sprites">
      <UniqueIdentifier>{ccfe2e59-bcb6-4779-bdef-901efd1affd6}</UniqueIdentifier>
    </Filter>
    <Filter Include="Sprites\SpritesManager">
      <UniqueIdentifier>{b47a2b4f-5314-47dd-ba39-1109d08e7460}</UniqueIdentifier>
    </Filter>
    <Filter Include="Components">
      <UniqueIdentifier>{2fb886c8-0381-476d-9826-b0d03f10f661}</UniqueIdentifier>
    </Filter>
    <Filter Include="Components\Component">
      <UniqueIdentifier>{c28b87a8-8ce8-43e2-b873-68fea875f3b4}</UniqueIdentifier>
    </Filter>
    <Filter Include="Components\Input">
      <UniqueIdentifier>{9497d19a-0010-43a7-af5e-9a69f0094bf5}</UniqueIdentifier>
    </Filter>
    <Filter Include="Components\Transform">
      <UniqueIdentifier>{3e3b2969-da7d-48d7-aeeb-1eed688e63a2}</UniqueIdentifier>
    </Filter>
    <Filter Include="Components\Collider2D">
      <UniqueIdentifier>{51817788-24bf-410f-8497-42d3f0591391}</UniqueIdentifier>
    </Filter>
    <Filter Include="Components\Renderer2D">
      <UniqueIdentifier>{2c9f50f3-9c3f-48ed-bc6e-0d3f4b54e85e}</UniqueIdentifier>
    </Filter>
  </ItemGroup>
  <ItemGroup>
    <ClCompile Include="Main.cpp" />
    <ClCompile Include="Entities\Ball\Ball.cpp">
      <Filter>Entities\Ball</Filter>
    </ClCompile>
    <ClCompile Include="Entities\BaseEntity\BaseEntity.cpp">
      <Filter>Entities\BaseEntity</Filter>
    </ClCompile>
    <ClCompile Include="Entities\Block\Block.cpp">
      <Filter>Entities\Block</Filter>
    </ClCompile>
    <ClCompile Include="Entities\Paddle\Paddle.cpp">
      <Filter>Entities\Paddle</Filter>
    </ClCompile>
    <ClCompile Include="Game\GameSingleton.cpp">
      <Filter>Game</Filter>
    </ClCompile>
    <ClCompile Include="Utils\Utils.cpp">
      <Filter>Utils</Filter>
    </ClCompile>
    <ClCompile Include="Sprites\SpritesManager\SpriteManager.cpp">
      <Filter>Sprites\SpritesManager</Filter>
    </ClCompile>
    <ClCompile Include="Strategies\GameMode\GameModeContext\GameModeContext.cpp">
      <Filter>Strategies\GameMode\GameModeContext</Filter>
    </ClCompile>
    <ClCompile Include="Strategies\GameMode\SinglePlayerStrategy\SinglePlayerStrategy.cpp">
      <Filter>Strategies\GameMode\SinglePlayerStrategy</Filter>
    </ClCompile>
    <ClCompile Include="Strategies\GameMode\GameModeStrategy\GameModeStrategy.cpp">
      <Filter>Strategies\GameMode\GameModeStrategy</Filter>
    </ClCompile>
    <ClCompile Include="Components\Component\Component.cpp">
      <Filter>Components\Component</Filter>
    </ClCompile>
    <ClCompile Include="Components\Input\Input.cpp">
      <Filter>Components\Input</Filter>
    </ClCompile>
    <ClCompile Include="Components\Renderer2D\Renderer2D.cpp">
      <Filter>Components\Renderer2D</Filter>
    </ClCompile>
    <ClCompile Include="Components\Transform\Transform.cpp">
      <Filter>Components\Transform</Filter>
    </ClCompile>
    <ClCompile Include="Components\Collider2D\Collider2D.cpp">
      <Filter>Components\Collider2D</Filter>
    </ClCompile>
  </ItemGroup>
  <ItemGroup>
    <ClInclude Include="Entities\Ball\Ball.h">
      <Filter>Entities\Ball</Filter>
    </ClInclude>
    <ClInclude Include="Entities\BaseEntity\BaseEntity.h">
      <Filter>Entities\BaseEntity</Filter>
    </ClInclude>
    <ClInclude Include="Entities\Block\Block.h">
      <Filter>Entities\Block</Filter>
    </ClInclude>
    <ClInclude Include="Entities\Paddle\Paddle.h">
      <Filter>Entities\Paddle</Filter>
    </ClInclude>
    <ClInclude Include="Game\GameSingleton.h">
      <Filter>Game</Filter>
    </ClInclude>
    <ClInclude Include="Utils\Utils.h">
      <Filter>Utils</Filter>
    </ClInclude>
    <ClInclude Include="Sprites\SpritesManager\SpriteManager.h">
      <Filter>Sprites\SpritesManager</Filter>
    </ClInclude>
    <ClInclude Include="Strategies\GameMode\GameModeContext\GameModeContext.h">
      <Filter>Strategies\GameMode\GameModeContext</Filter>
    </ClInclude>
    <ClInclude Include="Strategies\GameMode\SinglePlayerStrategy\SinglePlayerStrategy.h">
      <Filter>Strategies\GameMode\SinglePlayerStrategy</Filter>
    </ClInclude>
    <ClInclude Include="Strategies\GameMode\GameModeStrategy\GameModeStrategy.h">
      <Filter>Strategies\GameMode\GameModeStrategy</Filter>
    </ClInclude>
    <ClInclude Include="Components\Component\Component.h">
      <Filter>Components\Component</Filter>
    </ClInclude>
    <ClInclude Include="Components\Input\Input.h">
      <Filter>Components\Input</Filter>
    </ClInclude>
    <ClInclude Include="Components\Renderer2D\Renderer2D.h">
      <Filter>Components\Renderer2D</Filter>
    </ClInclude>
    <ClInclude Include="Components\Transform\Transform.h">
      <Filter>Components\Transform</Filter>
    </ClInclude>
    <ClInclude Include="Components\Collider2D\Collider2D.h">
      <Filter>Components\Collider2D</Filter>
    </ClInclude>
  </ItemGroup>
</Project>